
Microsoft Visual Studio Solution File, Format Version 12.00
Project("{FAE04EC0-301F-11D3-BF4B-00C04F79EFBC}") = "SportsWearShop.Api", "SportsWearShop.Api\SportsWearShop.Api.csproj", "{D8CEF172-60B8-4AC4-99DC-790BDECCD419}"
EndProject
Global
	GlobalSection(SolutionConfigurationPlatforms) = preSolution
		Debug|Any CPU = Debug|Any CPU
		Release|Any CPU = Release|Any CPU
	EndGlobalSection
	GlobalSection(ProjectConfigurationPlatforms) = postSolution
		{D8CEF172-60B8-4AC4-99DC-790BDECCD419}.Debug|Any CPU.ActiveCfg = Debug|Any CPU
		{D8CEF172-60B8-4AC4-99DC-790BDECCD419}.Debug|Any CPU.Build.0 = Debug|Any CPU
		{D8CEF172-60B8-4AC4-99DC-790BDECCD419}.Release|Any CPU.ActiveCfg = Release|Any CPU
		{D8CEF172-60B8-4AC4-99DC-790BDECCD419}.Release|Any CPU.Build.0 = Release|Any CPU
	EndGlobalSection
EndGlobal
